
Microsoft Visual Studio Solution File, Format Version 12.00
# Visual Studio 15
VisualStudioVersion = 15.0.28010.2048
MinimumVisualStudioVersion = 10.0.40219.1
Project("{FAE04EC0-301F-11D3-BF4B-00C04F79EFBC}") = "AboutWindow", "AboutWindow\AboutWindow.csproj", "{AF571A9D-EE14-4C9F-BAC2-986FBBED5654}"
EndProject
Project("{FAE04EC0-301F-11D3-BF4B-00C04F79EFBC}") = "DataExtractorWindow", "DataExtractorWindow\DataExtractorWindow.csproj", "{00CC05D4-50B3-49E3-9D04-82DA8973F770}"
EndProject
Project("{2150E333-8FDC-42A3-9474-1A3956D46DE8}") = "NewFolder1", "NewFolder1", "{05EEC982-078F-4850-A190-7B34885B028A}"
EndProject
Global
	GlobalSection(SolutionConfigurationPlatforms) = preSolution
		Debug|Any CPU = Debug|Any CPU
		Release|Any CPU = Release|Any CPU
	EndGlobalSection
	GlobalSection(ProjectConfigurationPlatforms) = postSolution
		{AF571A9D-EE14-4C9F-BAC2-986FBBED5654}.Debug|Any CPU.ActiveCfg = Debug|Any CPU
		{AF571A9D-EE14-4C9F-BAC2-986FBBED5654}.Debug|Any CPU.Build.0 = Debug|Any CPU
		{AF571A9D-EE14-4C9F-BAC2-986FBBED5654}.Release|Any CPU.ActiveCfg = Release|Any CPU
		{AF571A9D-EE14-4C9F-BAC2-986FBBED5654}.Release|Any CPU.Build.0 = Release|Any CPU
		{00CC05D4-50B3-49E3-9D04-82DA8973F770}.Debug|Any CPU.ActiveCfg = Debug|Any CPU
		{00CC05D4-50B3-49E3-9D04-82DA8973F770}.Debug|Any CPU.Build.0 = Debug|Any CPU
		{00CC05D4-50B3-49E3-9D04-82DA8973F770}.Release|Any CPU.ActiveCfg = Release|Any CPU
		{00CC05D4-50B3-49E3-9D04-82DA8973F770}.Release|Any CPU.Build.0 = Release|Any CPU
	EndGlobalSection
	GlobalSection(SolutionProperties) = preSolution
		HideSolutionNode = FALSE
	EndGlobalSection
	GlobalSection(ExtensibilityGlobals) = postSolution
		SolutionGuid = {580EC371-2895-4067-9F0F-9E3E9ABED545}
	EndGlobalSection
EndGlobal
